// !$*UTF8*$!
{
	archiveVersion = 1;
	classes = {
	};
	objectVersion = 56;
	objects = {

/* Begin PBXBuildFile section */
		1A0000100000000000000008 /* PrivacyInfo.xcprivacy in Resources */ = {isa = PBXBuildFile; fileRef = 1A0000200000000000000008; };
		1A0000100000000000000007 /* AudioReactiveController.swift in Sources */ = {isa = PBXBuildFile; fileRef = 1A0000200000000000000007; };
		1A0000100000000000000001 /* AuraXFinderApp.swift in Sources */ = {isa = PBXBuildFile; fileRef = 1A0000200000000000000001 /* AuraXFinderApp.swift */; };
		1A0000100000000000000002 /* ContentView.swift in Sources */ = {isa = PBXBuildFile; fileRef = 1A0000200000000000000002 /* ContentView.swift */; };
		1A0000100000000000000003 /* DeviceDiscovery.swift in Sources */ = {isa = PBXBuildFile; fileRef = 1A0000200000000000000003 /* DeviceDiscovery.swift */; };
		1A0000100000000000000004 /* Assets.xcassets in Resources */ = {isa = PBXBuildFile; fileRef = 1A0000200000000000000004 /* Assets.xcassets */; };
/* End PBXBuildFile section */

/* Begin PBXFileReference section */
		1A0000200000000000000008 /* PrivacyInfo.xcprivacy */ = {isa = PBXFileReference; lastKnownFileType = text.xml; path = PrivacyInfo.xcprivacy; sourceTree = "<group>"; };
		1A0000200000000000000007 /* AudioReactiveController.swift */ = {isa = PBXFileReference; lastKnownFileType = sourcecode.swift; path = AudioReactiveController.swift; sourceTree = "<group>"; };
		1A0000200000000000000001 /* AuraXFinderApp.swift */ = {isa = PBXFileReference; lastKnownFileType = sourcecode.swift; path = AuraXFinderApp.swift; sourceTree = "<group>"; };
		1A0000200000000000000002 /* ContentView.swift */ = {isa = PBXFileReference; lastKnownFileType = sourcecode.swift; path = ContentView.swift; sourceTree = "<group>"; };
		1A0000200000000000000003 /* DeviceDiscovery.swift */ = {isa = PBXFileReference; lastKnownFileType = sourcecode.swift; path = DeviceDiscovery.swift; sourceTree = "<group>"; };
		1A0000200000000000000004 /* Assets.xcassets */ = {isa = PBXFileReference; lastKnownFileType = folder.assetcatalog; path = Assets.xcassets; sourceTree = "<group>"; };
		1A0000200000000000000005 /* Info.plist */ = {isa = PBXFileReference; lastKnownFileType = text.plist.xml; path = Info.plist; sourceTree = "<group>"; };
		1A0000200000000000000006 /* AuraXFinder.app */ = {isa = PBXFileReference; explicitFileType = wrapper.application; includeInIndex = 0; path = AuraXFinder.app; sourceTree = BUILT_PRODUCTS_DIR; };
/* End PBXFileReference section */

/* Begin PBXFrameworksBuildPhase section */
		1A0000300000000000000001 /* Frameworks */ = {
			isa = PBXFrameworksBuildPhase;
			buildActionMask = 2147483647;
			files = (
			);
			runOnlyForDeploymentPostprocessing = 0;
		};
/* End PBXFrameworksBuildPhase section */

/* Begin PBXGroup section */
		1A0000400000000000000001 = {
			isa = PBXGroup;
			children = (
				1A0000400000000000000002 /* AuraXFinder */,
				1A0000400000000000000003 /* Products */,
			);
			sourceTree = "<group>";
		};
		1A0000400000000000000002 /* AuraXFinder */ = {
			isa = PBXGroup;
			children = (
				1A0000200000000000000001 /* AuraXFinderApp.swift */,
				1A0000200000000000000002 /* ContentView.swift */,
				1A0000200000000000000003 /* DeviceDiscovery.swift */,
				1A0000200000000000000007 /* AudioReactiveController.swift */,
				1A0000200000000000000004 /* Assets.xcassets */,
				1A0000200000000000000005 /* Info.plist */,
				1A0000200000000000000008 /* PrivacyInfo.xcprivacy */,
			);
			path = AuraXFinder;
			sourceTree = "<group>";
		};
		1A0000400000000000000003 /* Products */ = {
			isa = PBXGroup;
			children = (
				1A0000200000000000000006 /* AuraXFinder.app */,
			);
			name = Products;
			sourceTree = "<group>";
		};
/* End PBXGroup section */

/* Begin PBXNativeTarget section */
		1A0000500000000000000001 /* AuraXFinder */ = {
			isa = PBXNativeTarget;
			buildConfigurationList = 1A0000900000000000000003 /* Build configuration list for PBXNativeTarget "AuraXFinder" */;
			buildPhases = (
				1A0000600000000000000001 /* Sources */,
				1A0000300000000000000001 /* Frameworks */,
				1A0000700000000000000001 /* Resources */,
			);
			buildRules = (
			);
			dependencies = (
			);
			name = AuraXFinder;
			productName = AuraXFinder;
			productReference = 1A0000200000000000000006 /* AuraXFinder.app */;
			productType = "com.apple.product-type.application";
		};
/* End PBXNativeTarget section */

/* Begin PBXProject section */
		1A0000800000000000000001 /* Project object */ = {
			isa = PBXProject;
			attributes = {
				BuildIndependentTargetsInParallel = 1;
				LastSwiftUpdateCheck = 1600;
				LastUpgradeCheck = 1600;
				TargetAttributes = {
					1A0000500000000000000001 = {
						CreatedOnToolsVersion = 16.0;
					};
				};
			};
			buildConfigurationList = 1A0000900000000000000001 /* Build configuration list for PBXProject "AuraXFinder" */;
			compatibilityVersion = "Xcode 14.0";
			developmentRegion = en;
			hasScannedForEncodings = 0;
			knownRegions = (
				en,
				Base,
			);
			mainGroup = 1A0000400000000000000001;
			productRefGroup = 1A0000400000000000000003 /* Products */;
			projectDirPath = "";
			projectRoot = "";
			targets = (
				1A0000500000000000000001 /* AuraXFinder */,
			);
		};
/* End PBXProject section */

/* Begin PBXResourcesBuildPhase section */
		1A0000700000000000000001 /* Resources */ = {
			isa = PBXResourcesBuildPhase;
			buildActionMask = 2147483647;
			files = (
				1A0000100000000000000004 /* Assets.xcassets in Resources */,
				1A0000100000000000000008 /* PrivacyInfo.xcprivacy in Resources */,
			);
			runOnlyForDeploymentPostprocessing = 0;
		};
/* End PBXResourcesBuildPhase section */

/* Begin PBXSourcesBuildPhase section */
		1A0000600000000000000001 /* Sources */ = {
			isa = PBXSourcesBuildPhase;
			buildActionMask = 2147483647;
			files = (
				1A0000100000000000000001 /* AuraXFinderApp.swift in Sources */,
				1A0000100000000000000002 /* ContentView.swift in Sources */,
				1A0000100000000000000003 /* DeviceDiscovery.swift in Sources */,
				1A0000100000000000000007 /* AudioReactiveController.swift in Sources */,
			);
			runOnlyForDeploymentPostprocessing = 0;
		};
/* End PBXSourcesBuildPhase section */

/* Begin XCBuildConfiguration section */
		1A0000900000000000000004 /* Debug */ = {
			isa = XCBuildConfiguration;
			buildSettings = {
				ALWAYS_SEARCH_USER_PATHS = NO;
				CLANG_ENABLE_MODULES = YES;
				CLANG_ENABLE_OBJC_ARC = YES;
				CLANG_WARN_DOCUMENTATION_COMMENTS = YES;
				CLANG_WARN_QUOTED_INCLUDE_IN_FRAMEWORK_HEADER = YES;
				COPY_PHASE_STRIP = NO;
				DEBUG_INFORMATION_FORMAT = dwarf;
				ENABLE_STRICT_OBJC_MSGSEND = YES;
				ENABLE_TESTABILITY = YES;
				GCC_C_LANGUAGE_STANDARD = gnu17;
				GCC_DYNAMIC_NO_PIC = NO;
				GCC_NO_COMMON_BLOCKS = YES;
				GCC_OPTIMIZATION_LEVEL = 0;
				IPHONEOS_DEPLOYMENT_TARGET = 15.0;
				SDKROOT = iphoneos;
				SWIFT_ACTIVE_COMPILATION_CONDITIONS = DEBUG;
				SWIFT_OPTIMIZATION_LEVEL = "-Onone";
			};
			name = Debug;
		};
		1A0000900000000000000005 /* Release */ = {
			isa = XCBuildConfiguration;
			buildSettings = {
				ALWAYS_SEARCH_USER_PATHS = NO;
				CLANG_ENABLE_MODULES = YES;
				CLANG_ENABLE_OBJC_ARC = YES;
				COPY_PHASE_STRIP = NO;
				DEBUG_INFORMATION_FORMAT = "dwarf-with-dsym";
				ENABLE_NS_ASSERTIONS = NO;
				ENABLE_STRICT_OBJC_MSGSEND = YES;
				GCC_C_LANGUAGE_STANDARD = gnu17;
				GCC_NO_COMMON_BLOCKS = YES;
				IPHONEOS_DEPLOYMENT_TARGET = 15.0;
				SDKROOT = iphoneos;
				SWIFT_COMPILATION_MODE = wholemodule;
				SWIFT_OPTIMIZATION_LEVEL = "-O";
			};
			name = Release;
		};
		1A0000900000000000000006 /* Debug */ = {
			isa = XCBuildConfiguration;
			buildSettings = {
				ASSETCATALOG_COMPILER_APPICON_NAME = AppIcon;
				ASSETCATALOG_COMPILER_GLOBAL_ACCENT_COLOR_NAME = AccentColor;
				CODE_SIGN_STYLE = Automatic;
				CURRENT_PROJECT_VERSION = 10;
				DEVELOPMENT_TEAM = XY5VPX64P5;
				GENERATE_INFOPLIST_FILE = NO;
				INFOPLIST_FILE = AuraXFinder/Info.plist;
				IPHONEOS_DEPLOYMENT_TARGET = 15.0;
				MARKETING_VERSION = 1.1;
				PRODUCT_BUNDLE_IDENTIFIER = com.ignisshop.auraxfinder;
				PRODUCT_NAME = "$(TARGET_NAME)";
				SUPPORTED_PLATFORMS = "iphoneos iphonesimulator";
				SWIFT_VERSION = 5.0;
				TARGETED_DEVICE_FAMILY = "1,2";
			};
			name = Debug;
		};
		1A0000900000000000000007 /* Release */ = {
			isa = XCBuildConfiguration;
			buildSettings = {
				ASSETCATALOG_COMPILER_APPICON_NAME = AppIcon;
				ASSETCATALOG_COMPILER_GLOBAL_ACCENT_COLOR_NAME = AccentColor;
				CODE_SIGN_STYLE = Automatic;
				CURRENT_PROJECT_VERSION = 10;
				DEVELOPMENT_TEAM = XY5VPX64P5;
				GENERATE_INFOPLIST_FILE = NO;
				INFOPLIST_FILE = AuraXFinder/Info.plist;
				IPHONEOS_DEPLOYMENT_TARGET = 15.0;
				MARKETING_VERSION = 1.1;
				PRODUCT_BUNDLE_IDENTIFIER = com.ignisshop.auraxfinder;
				PRODUCT_NAME = "$(TARGET_NAME)";
				SUPPORTED_PLATFORMS = "iphoneos iphonesimulator";
				SWIFT_VERSION = 5.0;
				TARGETED_DEVICE_FAMILY = "1,2";
			};
			name = Release;
		};
/* End XCBuildConfiguration section */

/* Begin XCConfigurationList section */
		1A0000900000000000000001 /* Build configuration list for PBXProject "AuraXFinder" */ = {
			isa = XCConfigurationList;
			buildConfigurations = (
				1A0000900000000000000004 /* Debug */,
				1A0000900000000000000005 /* Release */,
			);
			defaultConfigurationIsVisible = 0;
			defaultConfigurationName = Release;
		};
		1A0000900000000000000003 /* Build configuration list for PBXNativeTarget "AuraXFinder" */ = {
			isa = XCConfigurationList;
			buildConfigurations = (
				1A0000900000000000000006 /* Debug */,
				1A0000900000000000000007 /* Release */,
			);
			defaultConfigurationIsVisible = 0;
			defaultConfigurationName = Release;
		};
/* End XCConfigurationList section */
	};
	rootObject = 1A0000800000000000000001 /* Project object */;
}
